
Microsoft Visual Studio Solution File, Format Version 12.00
# Visual Studio Version 17
VisualStudioVersion = 17.9.34701.34
MinimumVisualStudioVersion = 10.0.40219.1
Project("{9A19103F-16F7-4668-BE54-9A1E7A4F7556}") = "CalculatorApp", "CalculatorApp\CalculatorApp.csproj", "{CC25A8A7-E6A9-4D2F-BC5A-0BA008D6FD8A}"
EndProject
Project("{9A19103F-16F7-4668-BE54-9A1E7A4F7556}") = "CalculatorTests", "CalculatorTests\CalculatorTests.csproj", "{6FDAF4BD-78CB-4515-84A8-EF0309DCB281}"
EndProject
Global
	GlobalSection(SolutionConfigurationPlatforms) = preSolution
		Debug|Any CPU = Debug|Any CPU
		Release|Any CPU = Release|Any CPU
	EndGlobalSection
	GlobalSection(ProjectConfigurationPlatforms) = postSolution
		{CC25A8A7-E6A9-4D2F-BC5A-0BA008D6FD8A}.Debug|Any CPU.ActiveCfg = Debug|Any CPU
		{CC25A8A7-E6A9-4D2F-BC5A-0BA008D6FD8A}.Debug|Any CPU.Build.0 = Debug|Any CPU
		{CC25A8A7-E6A9-4D2F-BC5A-0BA008D6FD8A}.Release|Any CPU.ActiveCfg = Release|Any CPU
		{CC25A8A7-E6A9-4D2F-BC5A-0BA008D6FD8A}.Release|Any CPU.Build.0 = Release|Any CPU
		{6FDAF4BD-78CB-4515-84A8-EF0309DCB281}.Debug|Any CPU.ActiveCfg = Debug|Any CPU
		{6FDAF4BD-78CB-4515-84A8-EF0309DCB281}.Debug|Any CPU.Build.0 = Debug|Any CPU
		{6FDAF4BD-78CB-4515-84A8-EF0309DCB281}.Release|Any CPU.ActiveCfg = Release|Any CPU
		{6FDAF4BD-78CB-4515-84A8-EF0309DCB281}.Release|Any CPU.Build.0 = Release|Any CPU
	EndGlobalSection
	GlobalSection(SolutionProperties) = preSolution
		HideSolutionNode = FALSE
	EndGlobalSection
	GlobalSection(ExtensibilityGlobals) = postSolution
		SolutionGuid = {B86DFD51-3A52-4A82-935C-63D3D5E88F04}
	EndGlobalSection
EndGlobal
